
Microsoft Visual Studio Solution File, Format Version 12.00
# Visual Studio Version 17
VisualStudioVersion = 17.9.34616.47
MinimumVisualStudioVersion = 10.0.40219.1
Project("{9A19103F-16F7-4668-BE54-9A1E7A4F7556}") = "SquaresWPF", "SquaresWPF\SquaresWPF.csproj", "{164B37C3-CD47-40E0-A266-D2F56C7DFC5A}"
EndProject
Project("{9A19103F-16F7-4668-BE54-9A1E7A4F7556}") = "squares", "..\squaresModel\squares.csproj", "{DE06E95B-2252-4BEE-939D-53B8B5D897DB}"
EndProject
Project("{9A19103F-16F7-4668-BE54-9A1E7A4F7556}") = "Squares.Test", "..\Squares.Test\Squares.Test.csproj", "{95F47984-F7EA-46BF-A16D-D69DB4928CF9}"
EndProject
Global
	GlobalSection(SolutionConfigurationPlatforms) = preSolution
		Debug|Any CPU = Debug|Any CPU
		Release|Any CPU = Release|Any CPU
	EndGlobalSection
	GlobalSection(ProjectConfigurationPlatforms) = postSolution
		{164B37C3-CD47-40E0-A266-D2F56C7DFC5A}.Debug|Any CPU.ActiveCfg = Debug|Any CPU
		{164B37C3-CD47-40E0-A266-D2F56C7DFC5A}.Debug|Any CPU.Build.0 = Debug|Any CPU
		{164B37C3-CD47-40E0-A266-D2F56C7DFC5A}.Release|Any CPU.ActiveCfg = Release|Any CPU
		{164B37C3-CD47-40E0-A266-D2F56C7DFC5A}.Release|Any CPU.Build.0 = Release|Any CPU
		{DE06E95B-2252-4BEE-939D-53B8B5D897DB}.Debug|Any CPU.ActiveCfg = Debug|Any CPU
		{DE06E95B-2252-4BEE-939D-53B8B5D897DB}.Debug|Any CPU.Build.0 = Debug|Any CPU
		{DE06E95B-2252-4BEE-939D-53B8B5D897DB}.Release|Any CPU.ActiveCfg = Release|Any CPU
		{DE06E95B-2252-4BEE-939D-53B8B5D897DB}.Release|Any CPU.Build.0 = Release|Any CPU
		{95F47984-F7EA-46BF-A16D-D69DB4928CF9}.Debug|Any CPU.ActiveCfg = Debug|Any CPU
		{95F47984-F7EA-46BF-A16D-D69DB4928CF9}.Debug|Any CPU.Build.0 = Debug|Any CPU
		{95F47984-F7EA-46BF-A16D-D69DB4928CF9}.Release|Any CPU.ActiveCfg = Release|Any CPU
		{95F47984-F7EA-46BF-A16D-D69DB4928CF9}.Release|Any CPU.Build.0 = Release|Any CPU
	EndGlobalSection
	GlobalSection(SolutionProperties) = preSolution
		HideSolutionNode = FALSE
	EndGlobalSection
	GlobalSection(ExtensibilityGlobals) = postSolution
		SolutionGuid = {A6B7BE78-4A0F-4076-823C-06E4195A9B6D}
	EndGlobalSection
EndGlobal
